
Microsoft Visual Studio Solution File, Format Version 12.00
# Visual Studio 15
VisualStudioVersion = 15.0.28307.1300
MinimumVisualStudioVersion = 10.0.40219.1
Project("{FAE04EC0-301F-11D3-BF4B-00C04F79EFBC}") = "Development Test", "Development Test\Development Test.csproj", "{DD9364C5-AD38-482A-81F1-7DD4AE03DAEF}"
EndProject
Global
	GlobalSection(SolutionConfigurationPlatforms) = preSolution
		Debug|Any CPU = Debug|Any CPU
		Release|Any CPU = Release|Any CPU
	EndGlobalSection
	GlobalSection(ProjectConfigurationPlatforms) = postSolution
		{DD9364C5-AD38-482A-81F1-7DD4AE03DAEF}.Debug|Any CPU.ActiveCfg = Debug|Any CPU
		{DD9364C5-AD38-482A-81F1-7DD4AE03DAEF}.Debug|Any CPU.Build.0 = Debug|Any CPU
		{DD9364C5-AD38-482A-81F1-7DD4AE03DAEF}.Release|Any CPU.ActiveCfg = Release|Any CPU
		{DD9364C5-AD38-482A-81F1-7DD4AE03DAEF}.Release|Any CPU.Build.0 = Release|Any CPU
	EndGlobalSection
	GlobalSection(SolutionProperties) = preSolution
		HideSolutionNode = FALSE
	EndGlobalSection
	GlobalSection(ExtensibilityGlobals) = postSolution
		SolutionGuid = {3FE46F36-FA29-4E3B-A292-82BEBE6A51F8}
	EndGlobalSection
EndGlobal
